<Solution>
  <Project Path="appWeb01/appWeb01.csproj" Id="f929dee0-d8c4-4942-8630-ca00f8173a0b" />
  <Project Path="E:/CIBERTEC/3ER_CICLO/4. PROGRAMACION ORIENTADA A OBJETOS I/AppSesion01/AppSesion01/AppSesion01.csproj" Id="c740aac1-d271-4470-9969-0c8187612980" />
  <Project Path="E:/CIBERTEC/3ER_CICLO/4. PROGRAMACION ORIENTADA A OBJETOS I/AppSesion02/AppSesion02/AppSesion02.csproj" Id="fe89d23d-9bec-4a8d-bc4e-a46deec04045" />
  <Project Path="E:/CIBERTEC/3ER_CICLO/4. PROGRAMACION ORIENTADA A OBJETOS I/appSesion7/appSesion7/appSesion7.csproj" Id="6696edd5-907c-42ca-b5c2-29cd98dbfdf0" />
</Solution>
